// !$*UTF8*$!
{
	archiveVersion = 1;
	classes = {
	};
	objectVersion = 77;
	objects = {

/* Begin PBXContainerItemProxy section */
		976C5B2B2F40F4FD00408F91 /* PBXContainerItemProxy */ = {
			isa = PBXContainerItemProxy;
			containerPortal = 976C5B122F40F4FB00408F91 /* Project object */;
			proxyType = 1;
			remoteGlobalIDString = 976C5B192F40F4FB00408F91;
			remoteInfo = VerifyShotAppXCODE;
		};
		976C5B352F40F4FD00408F91 /* PBXContainerItemProxy */ = {
			isa = PBXContainerItemProxy;
			containerPortal = 976C5B122F40F4FB00408F91 /* Project object */;
			proxyType = 1;
			remoteGlobalIDString = 976C5B192F40F4FB00408F91;
			remoteInfo = VerifyShotAppXCODE;
		};
/* End PBXContainerItemProxy section */

/* Begin PBXFileReference section */
		976C5B1A2F40F4FB00408F91 /* VerifyShotAppXCODE.app */ = {isa = PBXFileReference; explicitFileType = wrapper.application; includeInIndex = 0; path = VerifyShotAppXCODE.app; sourceTree = BUILT_PRODUCTS_DIR; };
		976C5B2A2F40F4FD00408F91 /* VerifyShotAppXCODETests.xctest */ = {isa = PBXFileReference; explicitFileType = wrapper.cfbundle; includeInIndex = 0; path = VerifyShotAppXCODETests.xctest; sourceTree = BUILT_PRODUCTS_DIR; };
		976C5B342F40F4FD00408F91 /* VerifyShotAppXCODEUITests.xctest */ = {isa = PBXFileReference; explicitFileType = wrapper.cfbundle; includeInIndex = 0; path = VerifyShotAppXCODEUITests.xctest; sourceTree = BUILT_PRODUCTS_DIR; };
/* End PBXFileReference section */

/* Begin PBXFileSystemSynchronizedBuildFileExceptionSet section */
		976C5BEF2F4103F300408F91 /* Exceptions for "VerifyShotAppXCODE" folder in "VerifyShotAppXCODE" target */ = {
			isa = PBXFileSystemSynchronizedBuildFileExceptionSet;
			membershipExceptions = (
				VerifyShot/Info.plist,
			);
			target = 976C5B192F40F4FB00408F91 /* VerifyShotAppXCODE */;
		};
/* End PBXFileSystemSynchronizedBuildFileExceptionSet section */

/* Begin PBXFileSystemSynchronizedRootGroup section */
		976C5B1C2F40F4FB00408F91 /* VerifyShotAppXCODE */ = {
			isa = PBXFileSystemSynchronizedRootGroup;
			exceptions = (
				976C5BEF2F4103F300408F91 /* Exceptions for "VerifyShotAppXCODE" folder in "VerifyShotAppXCODE" target */,
			);
			path = VerifyShotAppXCODE;
			sourceTree = "<group>";
		};
		976C5B2D2F40F4FD00408F91 /* VerifyShotAppXCODETests */ = {
			isa = PBXFileSystemSynchronizedRootGroup;
			path = VerifyShotAppXCODETests;
			sourceTree = "<group>";
		};
		976C5B372F40F4FD00408F91 /* VerifyShotAppXCODEUITests */ = {
			isa = PBXFileSystemSynchronizedRootGroup;
			path = VerifyShotAppXCODEUITests;
			sourceTree = "<group>";
		};
/* End PBXFileSystemSynchronizedRootGroup section */

/* Begin PBXFrameworksBuildPhase section */
		976C5B172F40F4FB00408F91 /* Frameworks */ = {
			isa = PBXFrameworksBuildPhase;
			buildActionMask = 2147483647;
			files = (
			);
			runOnlyForDeploymentPostprocessing = 0;
		};
		976C5B272F40F4FD00408F91 /* Frameworks */ = {
			isa = PBXFrameworksBuildPhase;
			buildActionMask = 2147483647;
			files = (
			);
			runOnlyForDeploymentPostprocessing = 0;
		};
		976C5B312F40F4FD00408F91 /* Frameworks */ = {
			isa = PBXFrameworksBuildPhase;
			buildActionMask = 2147483647;
			files = (
			);
			runOnlyForDeploymentPostprocessing = 0;
		};
/* End PBXFrameworksBuildPhase section */

/* Begin PBXGroup section */
		976C5B112F40F4FB00408F91 = {
			isa = PBXGroup;
			children = (
				976C5B1C2F40F4FB00408F91 /* VerifyShotAppXCODE */,
				976C5B2D2F40F4FD00408F91 /* VerifyShotAppXCODETests */,
				976C5B372F40F4FD00408F91 /* VerifyShotAppXCODEUITests */,
				976C5B1B2F40F4FB00408F91 /* Products */,
			);
			sourceTree = "<group>";
		};
		976C5B1B2F40F4FB00408F91 /* Products */ = {
			isa = PBXGroup;
			children = (
				976C5B1A2F40F4FB00408F91 /* VerifyShotAppXCODE.app */,
				976C5B2A2F40F4FD00408F91 /* VerifyShotAppXCODETests.xctest */,
				976C5B342F40F4FD00408F91 /* VerifyShotAppXCODEUITests.xctest */,
			);
			name = Products;
			sourceTree = "<group>";
		};
/* End PBXGroup section */

/* Begin PBXNativeTarget section */
		976C5B192F40F4FB00408F91 /* VerifyShotAppXCODE */ = {
			isa = PBXNativeTarget;
			buildConfigurationList = 976C5B3E2F40F4FD00408F91 /* Build configuration list for PBXNativeTarget "VerifyShotAppXCODE" */;
			buildPhases = (
				976C5B162F40F4FB00408F91 /* Sources */,
				976C5B172F40F4FB00408F91 /* Frameworks */,
				976C5B182F40F4FB00408F91 /* Resources */,
			);
			buildRules = (
			);
			dependencies = (
			);
			fileSystemSynchronizedGroups = (
				976C5B1C2F40F4FB00408F91 /* VerifyShotAppXCODE */,
			);
			name = VerifyShotAppXCODE;
			packageProductDependencies = (
			);
			productName = VerifyShotAppXCODE;
			productReference = 976C5B1A2F40F4FB00408F91 /* VerifyShotAppXCODE.app */;
			productType = "com.apple.product-type.application";
		};
		976C5B292F40F4FD00408F91 /* VerifyShotAppXCODETests */ = {
			isa = PBXNativeTarget;
			buildConfigurationList = 976C5B412F40F4FD00408F91 /* Build configuration list for PBXNativeTarget "VerifyShotAppXCODETests" */;
			buildPhases = (
				976C5B262F40F4FD00408F91 /* Sources */,
				976C5B272F40F4FD00408F91 /* Frameworks */,
				976C5B282F40F4FD00408F91 /* Resources */,
			);
			buildRules = (
			);
			dependencies = (
				976C5B2C2F40F4FD00408F91 /* PBXTargetDependency */,
			);
			fileSystemSynchronizedGroups = (
				976C5B2D2F40F4FD00408F91 /* VerifyShotAppXCODETests */,
			);
			name = VerifyShotAppXCODETests;
			packageProductDependencies = (
			);
			productName = VerifyShotAppXCODETests;
			productReference = 976C5B2A2F40F4FD00408F91 /* VerifyShotAppXCODETests.xctest */;
			productType = "com.apple.product-type.bundle.unit-test";
		};
		976C5B332F40F4FD00408F91 /* VerifyShotAppXCODEUITests */ = {
			isa = PBXNativeTarget;
			buildConfigurationList = 976C5B442F40F4FD00408F91 /* Build configuration list for PBXNativeTarget "VerifyShotAppXCODEUITests" */;
			buildPhases = (
				976C5B302F40F4FD00408F91 /* Sources */,
				976C5B312F40F4FD00408F91 /* Frameworks */,
				976C5B322F40F4FD00408F91 /* Resources */,
			);
			buildRules = (
			);
			dependencies = (
				976C5B362F40F4FD00408F91 /* PBXTargetDependency */,
			);
			fileSystemSynchronizedGroups = (
				976C5B372F40F4FD00408F91 /* VerifyShotAppXCODEUITests */,
			);
			name = VerifyShotAppXCODEUITests;
			packageProductDependencies = (
			);
			productName = VerifyShotAppXCODEUITests;
			productReference = 976C5B342F40F4FD00408F91 /* VerifyShotAppXCODEUITests.xctest */;
			productType = "com.apple.product-type.bundle.ui-testing";
		};
/* End PBXNativeTarget section */

/* Begin PBXProject section */
		976C5B122F40F4FB00408F91 /* Project object */ = {
			isa = PBXProject;
			attributes = {
				BuildIndependentTargetsInParallel = 1;
				LastSwiftUpdateCheck = 1620;
				LastUpgradeCheck = 1620;
				TargetAttributes = {
					976C5B192F40F4FB00408F91 = {
						CreatedOnToolsVersion = 16.2;
					};
					976C5B292F40F4FD00408F91 = {
						CreatedOnToolsVersion = 16.2;
						TestTargetID = 976C5B192F40F4FB00408F91;
					};
					976C5B332F40F4FD00408F91 = {
						CreatedOnToolsVersion = 16.2;
						TestTargetID = 976C5B192F40F4FB00408F91;
					};
				};
			};
			buildConfigurationList = 976C5B152F40F4FB00408F91 /* Build configuration list for PBXProject "VerifyShotAppXCODE" */;
			developmentRegion = en;
			hasScannedForEncodings = 0;
			knownRegions = (
				en,
				Base,
			);
			mainGroup = 976C5B112F40F4FB00408F91;
			minimizedProjectReferenceProxies = 1;
			preferredProjectObjectVersion = 77;
			productRefGroup = 976C5B1B2F40F4FB00408F91 /* Products */;
			projectDirPath = "";
			projectRoot = "";
			targets = (
				976C5B192F40F4FB00408F91 /* VerifyShotAppXCODE */,
				976C5B292F40F4FD00408F91 /* VerifyShotAppXCODETests */,
				976C5B332F40F4FD00408F91 /* VerifyShotAppXCODEUITests */,
			);
		};
/* End PBXProject section */

/* Begin PBXResourcesBuildPhase section */
		976C5B182F40F4FB00408F91 /* Resources */ = {
			isa = PBXResourcesBuildPhase;
			buildActionMask = 2147483647;
			files = (
			);
			runOnlyForDeploymentPostprocessing = 0;
		};
		976C5B282F40F4FD00408F91 /* Resources */ = {
			isa = PBXResourcesBuildPhase;
			buildActionMask = 2147483647;
			files = (
			);
			runOnlyForDeploymentPostprocessing = 0;
		};
		976C5B322F40F4FD00408F91 /* Resources */ = {
			isa = PBXResourcesBuildPhase;
			buildActionMask = 2147483647;
			files = (
			);
			runOnlyForDeploymentPostprocessing = 0;
		};
/* End PBXResourcesBuildPhase section */

/* Begin PBXSourcesBuildPhase section */
		976C5B162F40F4FB00408F91 /* Sources */ = {
			isa = PBXSourcesBuildPhase;
			buildActionMask = 2147483647;
			files = (
			);
			runOnlyForDeploymentPostprocessing = 0;
		};
		976C5B262F40F4FD00408F91 /* Sources */ = {
			isa = PBXSourcesBuildPhase;
			buildActionMask = 2147483647;
			files = (
			);
			runOnlyForDeploymentPostprocessing = 0;
		};
		976C5B302F40F4FD00408F91 /* Sources */ = {
			isa = PBXSourcesBuildPhase;
			buildActionMask = 2147483647;
			files = (
			);
			runOnlyForDeploymentPostprocessing = 0;
		};
/* End PBXSourcesBuildPhase section */

/* Begin PBXTargetDependency section */
		976C5B2C2F40F4FD00408F91 /* PBXTargetDependency */ = {
			isa = PBXTargetDependency;
			target = 976C5B192F40F4FB00408F91 /* VerifyShotAppXCODE */;
			targetProxy = 976C5B2B2F40F4FD00408F91 /* PBXContainerItemProxy */;
		};
		976C5B362F40F4FD00408F91 /* PBXTargetDependency */ = {
			isa = PBXTargetDependency;
			target = 976C5B192F40F4FB00408F91 /* VerifyShotAppXCODE */;
			targetProxy = 976C5B352F40F4FD00408F91 /* PBXContainerItemProxy */;
		};
/* End PBXTargetDependency section */

/* Begin XCBuildConfiguration section */
		976C5B3C2F40F4FD00408F91 /* Debug */ = {
			isa = XCBuildConfiguration;
			buildSettings = {
				ALWAYS_SEARCH_USER_PATHS = NO;
				ASSETCATALOG_COMPILER_GENERATE_SWIFT_ASSET_SYMBOL_EXTENSIONS = YES;
				CLANG_ANALYZER_NONNULL = YES;
				CLANG_ANALYZER_NUMBER_OBJECT_CONVERSION = YES_AGGRESSIVE;
				CLANG_CXX_LANGUAGE_STANDARD = "gnu++20";
				CLANG_ENABLE_MODULES = YES;
				CLANG_ENABLE_OBJC_ARC = YES;
				CLANG_ENABLE_OBJC_WEAK = YES;
				CLANG_WARN_BLOCK_CAPTURE_AUTORELEASING = YES;
				CLANG_WARN_BOOL_CONVERSION = YES;
				CLANG_WARN_COMMA = YES;
				CLANG_WARN_CONSTANT_CONVERSION = YES;
				CLANG_WARN_DEPRECATED_OBJC_IMPLEMENTATIONS = YES;
				CLANG_WARN_DIRECT_OBJC_ISA_USAGE = YES_ERROR;
				CLANG_WARN_DOCUMENTATION_COMMENTS = YES;
				CLANG_WARN_EMPTY_BODY = YES;
				CLANG_WARN_ENUM_CONVERSION = YES;
				CLANG_WARN_INFINITE_RECURSION = YES;
				CLANG_WARN_INT_CONVERSION = YES;
				CLANG_WARN_NON_LITERAL_NULL_CONVERSION = YES;
				CLANG_WARN_OBJC_IMPLICIT_RETAIN_SELF = YES;
				CLANG_WARN_OBJC_LITERAL_CONVERSION = YES;
				CLANG_WARN_OBJC_ROOT_CLASS = YES_ERROR;
				CLANG_WARN_QUOTED_INCLUDE_IN_FRAMEWORK_HEADER = YES;
				CLANG_WARN_RANGE_LOOP_ANALYSIS = YES;
				CLANG_WARN_STRICT_PROTOTYPES = YES;
				CLANG_WARN_SUSPICIOUS_MOVE = YES;
				CLANG_WARN_UNGUARDED_AVAILABILITY = YES_AGGRESSIVE;
				CLANG_WARN_UNREACHABLE_CODE = YES;
				CLANG_WARN__DUPLICATE_METHOD_MATCH = YES;
				COPY_PHASE_STRIP = NO;
				DEBUG_INFORMATION_FORMAT = dwarf;
				ENABLE_STRICT_OBJC_MSGSEND = YES;
				ENABLE_TESTABILITY = YES;
				ENABLE_USER_SCRIPT_SANDBOXING = YES;
				GCC_C_LANGUAGE_STANDARD = gnu17;
				GCC_DYNAMIC_NO_PIC = NO;
				GCC_NO_COMMON_BLOCKS = YES;
				GCC_OPTIMIZATION_LEVEL = 0;
				GCC_PREPROCESSOR_DEFINITIONS = (
					"DEBUG=1",
					"$(inherited)",
				);
				GCC_WARN_64_TO_32_BIT_CONVERSION = YES;
				GCC_WARN_ABOUT_RETURN_TYPE = YES_ERROR;
				GCC_WARN_UNDECLARED_SELECTOR = YES;
				GCC_WARN_UNINITIALIZED_AUTOS = YES_AGGRESSIVE;
				GCC_WARN_UNUSED_FUNCTION = YES;
				GCC_WARN_UNUSED_VARIABLE = YES;
				IPHONEOS_DEPLOYMENT_TARGET = 18.2;
				LOCALIZATION_PREFERS_STRING_CATALOGS = YES;
				MTL_ENABLE_DEBUG_INFO = INCLUDE_SOURCE;
				MTL_FAST_MATH = YES;
				ONLY_ACTIVE_ARCH = YES;
				SDKROOT = iphoneos;
				SWIFT_ACTIVE_COMPILATION_CONDITIONS = "DEBUG $(inherited)";
				SWIFT_OPTIMIZATION_LEVEL = "-Onone";
			};
			name = Debug;
		};
		976C5B3D2F40F4FD00408F91 /* Release */ = {
			isa = XCBuildConfiguration;
			buildSettings = {
				ALWAYS_SEARCH_USER_PATHS = NO;
				ASSETCATALOG_COMPILER_GENERATE_SWIFT_ASSET_SYMBOL_EXTENSIONS = YES;
				CLANG_ANALYZER_NONNULL = YES;
				CLANG_ANALYZER_NUMBER_OBJECT_CONVERSION = YES_AGGRESSIVE;
				CLANG_CXX_LANGUAGE_STANDARD = "gnu++20";
				CLANG_ENABLE_MODULES = YES;
				CLANG_ENABLE_OBJC_ARC = YES;
				CLANG_ENABLE_OBJC_WEAK = YES;
				CLANG_WARN_BLOCK_CAPTURE_AUTORELEASING = YES;
				CLANG_WARN_BOOL_CONVERSION = YES;
				CLANG_WARN_COMMA = YES;
				CLANG_WARN_CONSTANT_CONVERSION = YES;
				CLANG_WARN_DEPRECATED_OBJC_IMPLEMENTATIONS = YES;
				CLANG_WARN_DIRECT_OBJC_ISA_USAGE = YES_ERROR;
				CLANG_WARN_DOCUMENTATION_COMMENTS = YES;
				CLANG_WARN_EMPTY_BODY = YES;
				CLANG_WARN_ENUM_CONVERSION = YES;
				CLANG_WARN_INFINITE_RECURSION = YES;
				CLANG_WARN_INT_CONVERSION = YES;
				CLANG_WARN_NON_LITERAL_NULL_CONVERSION = YES;
				CLANG_WARN_OBJC_IMPLICIT_RETAIN_SELF = YES;
				CLANG_WARN_OBJC_LITERAL_CONVERSION = YES;
				CLANG_WARN_OBJC_ROOT_CLASS = YES_ERROR;
				CLANG_WARN_QUOTED_INCLUDE_IN_FRAMEWORK_HEADER = YES;
				CLANG_WARN_RANGE_LOOP_ANALYSIS = YES;
				CLANG_WARN_STRICT_PROTOTYPES = YES;
				CLANG_WARN_SUSPICIOUS_MOVE = YES;
				CLANG_WARN_UNGUARDED_AVAILABILITY = YES_AGGRESSIVE;
				CLANG_WARN_UNREACHABLE_CODE = YES;
				CLANG_WARN__DUPLICATE_METHOD_MATCH = YES;
				COPY_PHASE_STRIP = NO;
				DEBUG_INFORMATION_FORMAT = "dwarf-with-dsym";
				ENABLE_NS_ASSERTIONS = NO;
				ENABLE_STRICT_OBJC_MSGSEND = YES;
				ENABLE_USER_SCRIPT_SANDBOXING = YES;
				GCC_C_LANGUAGE_STANDARD = gnu17;
				GCC_NO_COMMON_BLOCKS = YES;
				GCC_WARN_64_TO_32_BIT_CONVERSION = YES;
				GCC_WARN_ABOUT_RETURN_TYPE = YES_ERROR;
				GCC_WARN_UNDECLARED_SELECTOR = YES;
				GCC_WARN_UNINITIALIZED_AUTOS = YES_AGGRESSIVE;
				GCC_WARN_UNUSED_FUNCTION = YES;
				GCC_WARN_UNUSED_VARIABLE = YES;
				IPHONEOS_DEPLOYMENT_TARGET = 18.2;
				LOCALIZATION_PREFERS_STRING_CATALOGS = YES;
				MTL_ENABLE_DEBUG_INFO = NO;
				MTL_FAST_MATH = YES;
				SDKROOT = iphoneos;
				SWIFT_COMPILATION_MODE = wholemodule;
				VALIDATE_PRODUCT = YES;
			};
			name = Release;
		};
		976C5B3F2F40F4FD00408F91 /* Debug */ = {
			isa = XCBuildConfiguration;
			buildSettings = {
				ASSETCATALOG_COMPILER_APPICON_NAME = AppIcon;
				ASSETCATALOG_COMPILER_GLOBAL_ACCENT_COLOR_NAME = AccentColor;
				CODE_SIGN_STYLE = Automatic;
				CURRENT_PROJECT_VERSION = 1;
				DEVELOPMENT_ASSET_PATHS = "\"VerifyShotAppXCODE/Preview Content\"";
				ENABLE_PREVIEWS = YES;
				GENERATE_INFOPLIST_FILE = YES;
				INFOPLIST_KEY_NSPhotoLibraryAddUsageDescription = "VerifyShot needs access to save analysis results.";
				INFOPLIST_KEY_NSPhotoLibraryUsageDescription = "VerifyShot needs access to your photos to detect and analyze screenshots.";
				INFOPLIST_KEY_UIApplicationSceneManifest_Generation = YES;
				INFOPLIST_KEY_UIApplicationSupportsIndirectInputEvents = YES;
				INFOPLIST_KEY_UILaunchScreen_Generation = YES;
				INFOPLIST_KEY_UISupportedInterfaceOrientations_iPad = "UIInterfaceOrientationPortrait UIInterfaceOrientationPortraitUpsideDown UIInterfaceOrientationLandscapeLeft UIInterfaceOrientationLandscapeRight";
				INFOPLIST_KEY_UISupportedInterfaceOrientations_iPhone = "UIInterfaceOrientationPortrait UIInterfaceOrientationLandscapeLeft UIInterfaceOrientationLandscapeRight";
				LD_RUNPATH_SEARCH_PATHS = (
					"$(inherited)",
					"@executable_path/Frameworks",
				);
				MARKETING_VERSION = 1.0;
				PRODUCT_BUNDLE_IDENTIFIER = "Piragith-Bahiradhan.VerifyShotAppXCODE";
				PRODUCT_NAME = "$(TARGET_NAME)";
				SWIFT_EMIT_LOC_STRINGS = YES;
				SWIFT_VERSION = 5.0;
				TARGETED_DEVICE_FAMILY = "1,2";
			};
			name = Debug;
		};
		976C5B402F40F4FD00408F91 /* Release */ = {
			isa = XCBuildConfiguration;
			buildSettings = {
				ASSETCATALOG_COMPILER_APPICON_NAME = AppIcon;
				ASSETCATALOG_COMPILER_GLOBAL_ACCENT_COLOR_NAME = AccentColor;
				CODE_SIGN_STYLE = Automatic;
				CURRENT_PROJECT_VERSION = 1;
				DEVELOPMENT_ASSET_PATHS = "\"VerifyShotAppXCODE/Preview Content\"";
				ENABLE_PREVIEWS = YES;
				GENERATE_INFOPLIST_FILE = YES;
				INFOPLIST_KEY_NSPhotoLibraryAddUsageDescription = "VerifyShot needs access to save analysis results.";
				INFOPLIST_KEY_NSPhotoLibraryUsageDescription = "VerifyShot needs access to your photos to detect and analyze screenshots.";
				INFOPLIST_KEY_UIApplicationSceneManifest_Generation = YES;
				INFOPLIST_KEY_UIApplicationSupportsIndirectInputEvents = YES;
				INFOPLIST_KEY_UILaunchScreen_Generation = YES;
				INFOPLIST_KEY_UISupportedInterfaceOrientations_iPad = "UIInterfaceOrientationPortrait UIInterfaceOrientationPortraitUpsideDown UIInterfaceOrientationLandscapeLeft UIInterfaceOrientationLandscapeRight";
				INFOPLIST_KEY_UISupportedInterfaceOrientations_iPhone = "UIInterfaceOrientationPortrait UIInterfaceOrientationLandscapeLeft UIInterfaceOrientationLandscapeRight";
				LD_RUNPATH_SEARCH_PATHS = (
					"$(inherited)",
					"@executable_path/Frameworks",
				);
				MARKETING_VERSION = 1.0;
				PRODUCT_BUNDLE_IDENTIFIER = "Piragith-Bahiradhan.VerifyShotAppXCODE";
				PRODUCT_NAME = "$(TARGET_NAME)";
				SWIFT_EMIT_LOC_STRINGS = YES;
				SWIFT_VERSION = 5.0;
				TARGETED_DEVICE_FAMILY = "1,2";
			};
			name = Release;
		};
		976C5B422F40F4FD00408F91 /* Debug */ = {
			isa = XCBuildConfiguration;
			buildSettings = {
				BUNDLE_LOADER = "$(TEST_HOST)";
				CODE_SIGN_STYLE = Automatic;
				CURRENT_PROJECT_VERSION = 1;
				GENERATE_INFOPLIST_FILE = YES;
				IPHONEOS_DEPLOYMENT_TARGET = 18.2;
				MARKETING_VERSION = 1.0;
				PRODUCT_BUNDLE_IDENTIFIER = "Piragith-Bahiradhan.VerifyShotAppXCODETests";
				PRODUCT_NAME = "$(TARGET_NAME)";
				SWIFT_EMIT_LOC_STRINGS = NO;
				SWIFT_VERSION = 5.0;
				TARGETED_DEVICE_FAMILY = "1,2";
				TEST_HOST = "$(BUILT_PRODUCTS_DIR)/VerifyShotAppXCODE.app/$(BUNDLE_EXECUTABLE_FOLDER_PATH)/VerifyShotAppXCODE";
			};
			name = Debug;
		};
		976C5B432F40F4FD00408F91 /* Release */ = {
			isa = XCBuildConfiguration;
			buildSettings = {
				BUNDLE_LOADER = "$(TEST_HOST)";
				CODE_SIGN_STYLE = Automatic;
				CURRENT_PROJECT_VERSION = 1;
				GENERATE_INFOPLIST_FILE = YES;
				IPHONEOS_DEPLOYMENT_TARGET = 18.2;
				MARKETING_VERSION = 1.0;
				PRODUCT_BUNDLE_IDENTIFIER = "Piragith-Bahiradhan.VerifyShotAppXCODETests";
				PRODUCT_NAME = "$(TARGET_NAME)";
				SWIFT_EMIT_LOC_STRINGS = NO;
				SWIFT_VERSION = 5.0;
				TARGETED_DEVICE_FAMILY = "1,2";
				TEST_HOST = "$(BUILT_PRODUCTS_DIR)/VerifyShotAppXCODE.app/$(BUNDLE_EXECUTABLE_FOLDER_PATH)/VerifyShotAppXCODE";
			};
			name = Release;
		};
		976C5B452F40F4FD00408F91 /* Debug */ = {
			isa = XCBuildConfiguration;
			buildSettings = {
				CODE_SIGN_STYLE = Automatic;
				CURRENT_PROJECT_VERSION = 1;
				GENERATE_INFOPLIST_FILE = YES;
				MARKETING_VERSION = 1.0;
				PRODUCT_BUNDLE_IDENTIFIER = "Piragith-Bahiradhan.VerifyShotAppXCODEUITests";
				PRODUCT_NAME = "$(TARGET_NAME)";
				SWIFT_EMIT_LOC_STRINGS = NO;
				SWIFT_VERSION = 5.0;
				TARGETED_DEVICE_FAMILY = "1,2";
				TEST_TARGET_NAME = VerifyShotAppXCODE;
			};
			name = Debug;
		};
		976C5B462F40F4FD00408F91 /* Release */ = {
			isa = XCBuildConfiguration;
			buildSettings = {
				CODE_SIGN_STYLE = Automatic;
				CURRENT_PROJECT_VERSION = 1;
				GENERATE_INFOPLIST_FILE = YES;
				MARKETING_VERSION = 1.0;
				PRODUCT_BUNDLE_IDENTIFIER = "Piragith-Bahiradhan.VerifyShotAppXCODEUITests";
				PRODUCT_NAME = "$(TARGET_NAME)";
				SWIFT_EMIT_LOC_STRINGS = NO;
				SWIFT_VERSION = 5.0;
				TARGETED_DEVICE_FAMILY = "1,2";
				TEST_TARGET_NAME = VerifyShotAppXCODE;
			};
			name = Release;
		};
/* End XCBuildConfiguration section */

/* Begin XCConfigurationList section */
		976C5B152F40F4FB00408F91 /* Build configuration list for PBXProject "VerifyShotAppXCODE" */ = {
			isa = XCConfigurationList;
			buildConfigurations = (
				976C5B3C2F40F4FD00408F91 /* Debug */,
				976C5B3D2F40F4FD00408F91 /* Release */,
			);
			defaultConfigurationIsVisible = 0;
			defaultConfigurationName = Release;
		};
		976C5B3E2F40F4FD00408F91 /* Build configuration list for PBXNativeTarget "VerifyShotAppXCODE" */ = {
			isa = XCConfigurationList;
			buildConfigurations = (
				976C5B3F2F40F4FD00408F91 /* Debug */,
				976C5B402F40F4FD00408F91 /* Release */,
			);
			defaultConfigurationIsVisible = 0;
			defaultConfigurationName = Release;
		};
		976C5B412F40F4FD00408F91 /* Build configuration list for PBXNativeTarget "VerifyShotAppXCODETests" */ = {
			isa = XCConfigurationList;
			buildConfigurations = (
				976C5B422F40F4FD00408F91 /* Debug */,
				976C5B432F40F4FD00408F91 /* Release */,
			);
			defaultConfigurationIsVisible = 0;
			defaultConfigurationName = Release;
		};
		976C5B442F40F4FD00408F91 /* Build configuration list for PBXNativeTarget "VerifyShotAppXCODEUITests" */ = {
			isa = XCConfigurationList;
			buildConfigurations = (
				976C5B452F40F4FD00408F91 /* Debug */,
				976C5B462F40F4FD00408F91 /* Release */,
			);
			defaultConfigurationIsVisible = 0;
			defaultConfigurationName = Release;
		};
/* End XCConfigurationList section */
	};
	rootObject = 976C5B122F40F4FB00408F91 /* Project object */;
}
